// !$*UTF8*$!
{
	archiveVersion = 1;
	classes = {
	};
	objectVersion = 46;
	objects = {

/* Begin PBXBuildFile section */
		C9AB7F911B88803C003114F3 /* main.m in Sources */ = {isa = PBXBuildFile; fileRef = C9AB7F901B88803C003114F3 /* main.m */; };
		C9AB7F941B88803C003114F3 /* AppDelegate.m in Sources */ = {isa = PBXBuildFile; fileRef = C9AB7F931B88803C003114F3 /* AppDelegate.m */; };
		C9AB7F971B88803C003114F3 /* dayRoutine.xcdatamodeld in Sources */ = {isa = PBXBuildFile; fileRef = C9AB7F951B88803C003114F3 /* dayRoutine.xcdatamodeld */; };
		C9AB7F9D1B88803C003114F3 /* Main.storyboard in Resources */ = {isa = PBXBuildFile; fileRef = C9AB7F9B1B88803C003114F3 /* Main.storyboard */; };
		C9AB7F9F1B88803C003114F3 /* Images.xcassets in Resources */ = {isa = PBXBuildFile; fileRef = C9AB7F9E1B88803C003114F3 /* Images.xcassets */; };
		C9AB7FA21B88803C003114F3 /* LaunchScreen.xib in Resources */ = {isa = PBXBuildFile; fileRef = C9AB7FA01B88803C003114F3 /* LaunchScreen.xib */; };
		C9AB7FAE1B88803C003114F3 /* dayRoutineTests.m in Sources */ = {isa = PBXBuildFile; fileRef = C9AB7FAD1B88803C003114F3 /* dayRoutineTests.m */; };
		C9AB7FBB1B8880B6003114F3 /* Grid.m in Sources */ = {isa = PBXBuildFile; fileRef = C9AB7FBA1B8880B6003114F3 /* Grid.m */; };
		C9AB7FBE1B8880CC003114F3 /* RoutineFetcher.m in Sources */ = {isa = PBXBuildFile; fileRef = C9AB7FBD1B8880CC003114F3 /* RoutineFetcher.m */; };
		C9AB7FC11B8880F4003114F3 /* RoutineView.m in Sources */ = {isa = PBXBuildFile; fileRef = C9AB7FC01B8880F4003114F3 /* RoutineView.m */; };
		C9AB7FCC1B88815E003114F3 /* ViewController.m in Sources */ = {isa = PBXBuildFile; fileRef = C9AB7FC51B88815E003114F3 /* ViewController.m */; };
		C9AB7FCD1B88815E003114F3 /* aController.m in Sources */ = {isa = PBXBuildFile; fileRef = C9AB7FC71B88815E003114F3 /* aController.m */; };
		C9AB7FCE1B88815E003114F3 /* DetailViewController.m in Sources */ = {isa = PBXBuildFile; fileRef = C9AB7FC91B88815E003114F3 /* DetailViewController.m */; };
		C9AB7FCF1B88815E003114F3 /* FavDVC.m in Sources */ = {isa = PBXBuildFile; fileRef = C9AB7FCB1B88815E003114F3 /* FavDVC.m */; };
		C9AB7FDB1B88846B003114F3 /* Profile+Create.m in Sources */ = {isa = PBXBuildFile; fileRef = C9AB7FDA1B88846B003114F3 /* Profile+Create.m */; };
		C9AB7FE11B88C050003114F3 /* Activity+Create.m in Sources */ = {isa = PBXBuildFile; fileRef = C9AB7FE01B88C050003114F3 /* Activity+Create.m */; };
		C9AB7FF91B88CF0F003114F3 /* Profile.m in Sources */ = {isa = PBXBuildFile; fileRef = C9AB7FF81B88CF0F003114F3 /* Profile.m */; };
		C9AB7FFC1B88CF0F003114F3 /* Color.m in Sources */ = {isa = PBXBuildFile; fileRef = C9AB7FFB1B88CF0F003114F3 /* Color.m */; };
		C9AB7FFF1B88CF0F003114F3 /* Activity.m in Sources */ = {isa = PBXBuildFile; fileRef = C9AB7FFE1B88CF0F003114F3 /* Activity.m */; };
		C9AB80021B88D078003114F3 /* Color+Create.m in Sources */ = {isa = PBXBuildFile; fileRef = C9AB80011B88D078003114F3 /* Color+Create.m */; };
/* End PBXBuildFile section */

/* Begin PBXContainerItemProxy section */
		C9AB7FA81B88803C003114F3 /* PBXContainerItemProxy */ = {
			isa = PBXContainerItemProxy;
			containerPortal = C9AB7F831B88803C003114F3 /* Project object */;
			proxyType = 1;
			remoteGlobalIDString = C9AB7F8A1B88803C003114F3;
			remoteInfo = dayRoutine;
		};
/* End PBXContainerItemProxy section */

/* Begin PBXFileReference section */
		C9AB7F8B1B88803C003114F3 /* dayRoutine.app */ = {isa = PBXFileReference; explicitFileType = wrapper.application; includeInIndex = 0; path = dayRoutine.app; sourceTree = BUILT_PRODUCTS_DIR; };
		C9AB7F8F1B88803C003114F3 /* Info.plist */ = {isa = PBXFileReference; lastKnownFileType = text.plist.xml; path = Info.plist; sourceTree = "<group>"; };
		C9AB7F901B88803C003114F3 /* main.m */ = {isa = PBXFileReference; lastKnownFileType = sourcecode.c.objc; path = main.m; sourceTree = "<group>"; };
		C9AB7F921B88803C003114F3 /* AppDelegate.h */ = {isa = PBXFileReference; lastKnownFileType = sourcecode.c.h; path = AppDelegate.h; sourceTree = "<group>"; };
		C9AB7F931B88803C003114F3 /* AppDelegate.m */ = {isa = PBXFileReference; lastKnownFileType = sourcecode.c.objc; path = AppDelegate.m; sourceTree = "<group>"; };
		C9AB7F961B88803C003114F3 /* dayRoutine.xcdatamodel */ = {isa = PBXFileReference; lastKnownFileType = wrapper.xcdatamodel; path = dayRoutine.xcdatamodel; sourceTree = "<group>"; };
		C9AB7F9C1B88803C003114F3 /* Base */ = {isa = PBXFileReference; lastKnownFileType = file.storyboard; name = Base; path = Base.lproj/Main.storyboard; sourceTree = "<group>"; };
		C9AB7F9E1B88803C003114F3 /* Images.xcassets */ = {isa = PBXFileReference; lastKnownFileType = folder.assetcatalog; path = Images.xcassets; sourceTree = "<group>"; };
		C9AB7FA11B88803C003114F3 /* Base */ = {isa = PBXFileReference; lastKnownFileType = file.xib; name = Base; path = Base.lproj/LaunchScreen.xib; sourceTree = "<group>"; };
		C9AB7FA71B88803C003114F3 /* dayRoutineTests.xctest */ = {isa = PBXFileReference; explicitFileType = wrapper.cfbundle; includeInIndex = 0; path = dayRoutineTests.xctest; sourceTree = BUILT_PRODUCTS_DIR; };
		C9AB7FAC1B88803C003114F3 /* Info.plist */ = {isa = PBXFileReference; lastKnownFileType = text.plist.xml; path = Info.plist; sourceTree = "<group>"; };
		C9AB7FAD1B88803C003114F3 /* dayRoutineTests.m */ = {isa = PBXFileReference; lastKnownFileType = sourcecode.c.objc; path = dayRoutineTests.m; sourceTree = "<group>"; };
		C9AB7FB91B8880B6003114F3 /* Grid.h */ = {isa = PBXFileReference; fileEncoding = 4; lastKnownFileType = sourcecode.c.h; path = Grid.h; sourceTree = "<group>"; };
		C9AB7FBA1B8880B6003114F3 /* Grid.m */ = {isa = PBXFileReference; fileEncoding = 4; lastKnownFileType = sourcecode.c.objc; path = Grid.m; sourceTree = "<group>"; };
		C9AB7FBC1B8880CC003114F3 /* RoutineFetcher.h */ = {isa = PBXFileReference; fileEncoding = 4; lastKnownFileType = sourcecode.c.h; path = RoutineFetcher.h; sourceTree = "<group>"; };
		C9AB7FBD1B8880CC003114F3 /* RoutineFetcher.m */ = {isa = PBXFileReference; fileEncoding = 4; lastKnownFileType = sourcecode.c.objc; path = RoutineFetcher.m; sourceTree = "<group>"; };
		C9AB7FBF1B8880F4003114F3 /* RoutineView.h */ = {isa = PBXFileReference; fileEncoding = 4; lastKnownFileType = sourcecode.c.h; path = RoutineView.h; sourceTree = "<group>"; };
		C9AB7FC01B8880F4003114F3 /* RoutineView.m */ = {isa = PBXFileReference; fileEncoding = 4; lastKnownFileType = sourcecode.c.objc; path = RoutineView.m; sourceTree = "<group>"; };
		C9AB7FC41B88815E003114F3 /* ViewController.h */ = {isa = PBXFileReference; fileEncoding = 4; lastKnownFileType = sourcecode.c.h; path = ViewController.h; sourceTree = "<group>"; };
		C9AB7FC51B88815E003114F3 /* ViewController.m */ = {isa = PBXFileReference; fileEncoding = 4; lastKnownFileType = sourcecode.c.objc; path = ViewController.m; sourceTree = "<group>"; };
		C9AB7FC61B88815E003114F3 /* aController.h */ = {isa = PBXFileReference; fileEncoding = 4; lastKnownFileType = sourcecode.c.h; path = aController.h; sourceTree = "<group>"; };
		C9AB7FC71B88815E003114F3 /* aController.m */ = {isa = PBXFileReference; fileEncoding = 4; lastKnownFileType = sourcecode.c.objc; path = aController.m; sourceTree = "<group>"; };
		C9AB7FC81B88815E003114F3 /* DetailViewController.h */ = {isa = PBXFileReference; fileEncoding = 4; lastKnownFileType = sourcecode.c.h; path = DetailViewController.h; sourceTree = "<group>"; };
		C9AB7FC91B88815E003114F3 /* DetailViewController.m */ = {isa = PBXFileReference; fileEncoding = 4; lastKnownFileType = sourcecode.c.objc; path = DetailViewController.m; sourceTree = "<group>"; };
		C9AB7FCA1B88815E003114F3 /* FavDVC.h */ = {isa = PBXFileReference; fileEncoding = 4; lastKnownFileType = sourcecode.c.h; path = FavDVC.h; sourceTree = "<group>"; };
		C9AB7FCB1B88815E003114F3 /* FavDVC.m */ = {isa = PBXFileReference; fileEncoding = 4; lastKnownFileType = sourcecode.c.objc; path = FavDVC.m; sourceTree = "<group>"; };
		C9AB7FD91B88846B003114F3 /* Profile+Create.h */ = {isa = PBXFileReference; fileEncoding = 4; lastKnownFileType = sourcecode.c.h; path = "Profile+Create.h"; sourceTree = "<group>"; };
		C9AB7FDA1B88846B003114F3 /* Profile+Create.m */ = {isa = PBXFileReference; fileEncoding = 4; lastKnownFileType = sourcecode.c.objc; path = "Profile+Create.m"; sourceTree = "<group>"; };
		C9AB7FDF1B88C050003114F3 /* Activity+Create.h */ = {isa = PBXFileReference; fileEncoding = 4; lastKnownFileType = sourcecode.c.h; path = "Activity+Create.h"; sourceTree = "<group>"; };
		C9AB7FE01B88C050003114F3 /* Activity+Create.m */ = {isa = PBXFileReference; fileEncoding = 4; lastKnownFileType = sourcecode.c.objc; path = "Activity+Create.m"; sourceTree = "<group>"; };
		C9AB7FF71B88CF0F003114F3 /* Profile.h */ = {isa = PBXFileReference; fileEncoding = 4; lastKnownFileType = sourcecode.c.h; path = Profile.h; sourceTree = "<group>"; };
		C9AB7FF81B88CF0F003114F3 /* Profile.m */ = {isa = PBXFileReference; fileEncoding = 4; lastKnownFileType = sourcecode.c.objc; path = Profile.m; sourceTree = "<group>"; };
		C9AB7FFA1B88CF0F003114F3 /* Color.h */ = {isa = PBXFileReference; fileEncoding = 4; lastKnownFileType = sourcecode.c.h; path = Color.h; sourceTree = "<group>"; };
		C9AB7FFB1B88CF0F003114F3 /* Color.m */ = {isa = PBXFileReference; fileEncoding = 4; lastKnownFileType = sourcecode.c.objc; path = Color.m; sourceTree = "<group>"; };
		C9AB7FFD1B88CF0F003114F3 /* Activity.h */ = {isa = PBXFileReference; fileEncoding = 4; lastKnownFileType = sourcecode.c.h; path = Activity.h; sourceTree = "<group>"; };
		C9AB7FFE1B88CF0F003114F3 /* Activity.m */ = {isa = PBXFileReference; fileEncoding = 4; lastKnownFileType = sourcecode.c.objc; path = Activity.m; sourceTree = "<group>"; };
		C9AB80001B88D078003114F3 /* Color+Create.h */ = {isa = PBXFileReference; fileEncoding = 4; lastKnownFileType = sourcecode.c.h; path = "Color+Create.h"; sourceTree = "<group>"; };
		C9AB80011B88D078003114F3 /* Color+Create.m */ = {isa = PBXFileReference; fileEncoding = 4; lastKnownFileType = sourcecode.c.objc; path = "Color+Create.m"; sourceTree = "<group>"; };
/* End PBXFileReference section */

/* Begin PBXFrameworksBuildPhase section */
		C9AB7F881B88803C003114F3 /* Frameworks */ = {
			isa = PBXFrameworksBuildPhase;
			buildActionMask = 2147483647;
			files = (
			);
			runOnlyForDeploymentPostprocessing = 0;
		};
		C9AB7FA41B88803C003114F3 /* Frameworks */ = {
			isa = PBXFrameworksBuildPhase;
			buildActionMask = 2147483647;
			files = (
			);
			runOnlyForDeploymentPostprocessing = 0;
		};
/* End PBXFrameworksBuildPhase section */

/* Begin PBXGroup section */
		C9AB7F821B88803C003114F3 = {
			isa = PBXGroup;
			children = (
				C9AB7F8D1B88803C003114F3 /* dayRoutine */,
				C9AB7FAA1B88803C003114F3 /* dayRoutineTests */,
				C9AB7F8C1B88803C003114F3 /* Products */,
			);
			sourceTree = "<group>";
		};
		C9AB7F8C1B88803C003114F3 /* Products */ = {
			isa = PBXGroup;
			children = (
				C9AB7F8B1B88803C003114F3 /* dayRoutine.app */,
				C9AB7FA71B88803C003114F3 /* dayRoutineTests.xctest */,
			);
			name = Products;
			sourceTree = "<group>";
		};
		C9AB7F8D1B88803C003114F3 /* dayRoutine */ = {
			isa = PBXGroup;
			children = (
				C9AB7F9B1B88803C003114F3 /* Main.storyboard */,
				C9AB7FA01B88803C003114F3 /* LaunchScreen.xib */,
				C9AB7F921B88803C003114F3 /* AppDelegate.h */,
				C9AB7F931B88803C003114F3 /* AppDelegate.m */,
				C9AB7F951B88803C003114F3 /* dayRoutine.xcdatamodeld */,
				C9AB7FC31B888131003114F3 /* Controller */,
				C9AB7FC21B88811C003114F3 /* Model */,
				C9AB7FB71B888062003114F3 /* View */,
				C9AB7FB81B888073003114F3 /* APIs */,
				C9AB7F9E1B88803C003114F3 /* Images.xcassets */,
				C9AB7F8E1B88803C003114F3 /* Supporting Files */,
			);
			path = dayRoutine;
			sourceTree = "<group>";
		};
		C9AB7F8E1B88803C003114F3 /* Supporting Files */ = {
			isa = PBXGroup;
			children = (
				C9AB7F8F1B88803C003114F3 /* Info.plist */,
				C9AB7F901B88803C003114F3 /* main.m */,
			);
			name = "Supporting Files";
			sourceTree = "<group>";
		};
		C9AB7FAA1B88803C003114F3 /* dayRoutineTests */ = {
			isa = PBXGroup;
			children = (
				C9AB7FAD1B88803C003114F3 /* dayRoutineTests.m */,
				C9AB7FAB1B88803C003114F3 /* Supporting Files */,
			);
			path = dayRoutineTests;
			sourceTree = "<group>";
		};
		C9AB7FAB1B88803C003114F3 /* Supporting Files */ = {
			isa = PBXGroup;
			children = (
				C9AB7FAC1B88803C003114F3 /* Info.plist */,
			);
			name = "Supporting Files";
			sourceTree = "<group>";
		};
		C9AB7FB71B888062003114F3 /* View */ = {
			isa = PBXGroup;
			children = (
				C9AB7FBF1B8880F4003114F3 /* RoutineView.h */,
				C9AB7FC01B8880F4003114F3 /* RoutineView.m */,
			);
			name = View;
			sourceTree = "<group>";
		};
		C9AB7FB81B888073003114F3 /* APIs */ = {
			isa = PBXGroup;
			children = (
				C9AB7FB91B8880B6003114F3 /* Grid.h */,
				C9AB7FBA1B8880B6003114F3 /* Grid.m */,
				C9AB7FBC1B8880CC003114F3 /* RoutineFetcher.h */,
				C9AB7FBD1B8880CC003114F3 /* RoutineFetcher.m */,
			);
			name = APIs;
			sourceTree = "<group>";
		};
		C9AB7FC21B88811C003114F3 /* Model */ = {
			isa = PBXGroup;
			children = (
				C9AB7FFD1B88CF0F003114F3 /* Activity.h */,
				C9AB7FFE1B88CF0F003114F3 /* Activity.m */,
				C9AB7FDF1B88C050003114F3 /* Activity+Create.h */,
				C9AB7FE01B88C050003114F3 /* Activity+Create.m */,
				C9AB7FF71B88CF0F003114F3 /* Profile.h */,
				C9AB7FF81B88CF0F003114F3 /* Profile.m */,
				C9AB7FD91B88846B003114F3 /* Profile+Create.h */,
				C9AB7FDA1B88846B003114F3 /* Profile+Create.m */,
				C9AB7FFA1B88CF0F003114F3 /* Color.h */,
				C9AB7FFB1B88CF0F003114F3 /* Color.m */,
				C9AB80001B88D078003114F3 /* Color+Create.h */,
				C9AB80011B88D078003114F3 /* Color+Create.m */,
			);
			name = Model;
			sourceTree = "<group>";
		};
		C9AB7FC31B888131003114F3 /* Controller */ = {
			isa = PBXGroup;
			children = (
				C9AB7FC61B88815E003114F3 /* aController.h */,
				C9AB7FC71B88815E003114F3 /* aController.m */,
				C9AB7FC41B88815E003114F3 /* ViewController.h */,
				C9AB7FC51B88815E003114F3 /* ViewController.m */,
				C9AB7FC81B88815E003114F3 /* DetailViewController.h */,
				C9AB7FC91B88815E003114F3 /* DetailViewController.m */,
				C9AB7FCA1B88815E003114F3 /* FavDVC.h */,
				C9AB7FCB1B88815E003114F3 /* FavDVC.m */,
			);
			name = Controller;
			sourceTree = "<group>";
		};
/* End PBXGroup section */

/* Begin PBXNativeTarget section */
		C9AB7F8A1B88803C003114F3 /* dayRoutine */ = {
			isa = PBXNativeTarget;
			buildConfigurationList = C9AB7FB11B88803C003114F3 /* Build configuration list for PBXNativeTarget "dayRoutine" */;
			buildPhases = (
				C9AB7F871B88803C003114F3 /* Sources */,
				C9AB7F881B88803C003114F3 /* Frameworks */,
				C9AB7F891B88803C003114F3 /* Resources */,
			);
			buildRules = (
			);
			dependencies = (
			);
			name = dayRoutine;
			productName = dayRoutine;
			productReference = C9AB7F8B1B88803C003114F3 /* dayRoutine.app */;
			productType = "com.apple.product-type.application";
		};
		C9AB7FA61B88803C003114F3 /* dayRoutineTests */ = {
			isa = PBXNativeTarget;
			buildConfigurationList = C9AB7FB41B88803C003114F3 /* Build configuration list for PBXNativeTarget "dayRoutineTests" */;
			buildPhases = (
				C9AB7FA31B88803C003114F3 /* Sources */,
				C9AB7FA41B88803C003114F3 /* Frameworks */,
				C9AB7FA51B88803C003114F3 /* Resources */,
			);
			buildRules = (
			);
			dependencies = (
				C9AB7FA91B88803C003114F3 /* PBXTargetDependency */,
			);
			name = dayRoutineTests;
			productName = dayRoutineTests;
			productReference = C9AB7FA71B88803C003114F3 /* dayRoutineTests.xctest */;
			productType = "com.apple.product-type.bundle.unit-test";
		};
/* End PBXNativeTarget section */

/* Begin PBXProject section */
		C9AB7F831B88803C003114F3 /* Project object */ = {
			isa = PBXProject;
			attributes = {
				LastUpgradeCheck = 0640;
				ORGANIZATIONNAME = "James` Awesome App House";
				TargetAttributes = {
					C9AB7F8A1B88803C003114F3 = {
						CreatedOnToolsVersion = 6.4;
					};
					C9AB7FA61B88803C003114F3 = {
						CreatedOnToolsVersion = 6.4;
						TestTargetID = C9AB7F8A1B88803C003114F3;
					};
				};
			};
			buildConfigurationList = C9AB7F861B88803C003114F3 /* Build configuration list for PBXProject "dayRoutine" */;
			compatibilityVersion = "Xcode 3.2";
			developmentRegion = English;
			hasScannedForEncodings = 0;
			knownRegions = (
				en,
				Base,
			);
			mainGroup = C9AB7F821B88803C003114F3;
			productRefGroup = C9AB7F8C1B88803C003114F3 /* Products */;
			projectDirPath = "";
			projectRoot = "";
			targets = (
				C9AB7F8A1B88803C003114F3 /* dayRoutine */,
				C9AB7FA61B88803C003114F3 /* dayRoutineTests */,
			);
		};
/* End PBXProject section */

/* Begin PBXResourcesBuildPhase section */
		C9AB7F891B88803C003114F3 /* Resources */ = {
			isa = PBXResourcesBuildPhase;
			buildActionMask = 2147483647;
			files = (
				C9AB7F9D1B88803C003114F3 /* Main.storyboard in Resources */,
				C9AB7FA21B88803C003114F3 /* LaunchScreen.xib in Resources */,
				C9AB7F9F1B88803C003114F3 /* Images.xcassets in Resources */,
			);
			runOnlyForDeploymentPostprocessing = 0;
		};
		C9AB7FA51B88803C003114F3 /* Resources */ = {
			isa = PBXResourcesBuildPhase;
			buildActionMask = 2147483647;
			files = (
			);
			runOnlyForDeploymentPostprocessing = 0;
		};
/* End PBXResourcesBuildPhase section */

/* Begin PBXSourcesBuildPhase section */
		C9AB7F871B88803C003114F3 /* Sources */ = {
			isa = PBXSourcesBuildPhase;
			buildActionMask = 2147483647;
			files = (
				C9AB7FCC1B88815E003114F3 /* ViewController.m in Sources */,
				C9AB7FFC1B88CF0F003114F3 /* Color.m in Sources */,
				C9AB7FBE1B8880CC003114F3 /* RoutineFetcher.m in Sources */,
				C9AB7FE11B88C050003114F3 /* Activity+Create.m in Sources */,
				C9AB7FFF1B88CF0F003114F3 /* Activity.m in Sources */,
				C9AB7FCE1B88815E003114F3 /* DetailViewController.m in Sources */,
				C9AB7FCF1B88815E003114F3 /* FavDVC.m in Sources */,
				C9AB80021B88D078003114F3 /* Color+Create.m in Sources */,
				C9AB7FBB1B8880B6003114F3 /* Grid.m in Sources */,
				C9AB7F971B88803C003114F3 /* dayRoutine.xcdatamodeld in Sources */,
				C9AB7FDB1B88846B003114F3 /* Profile+Create.m in Sources */,
				C9AB7FF91B88CF0F003114F3 /* Profile.m in Sources */,
				C9AB7F941B88803C003114F3 /* AppDelegate.m in Sources */,
				C9AB7FCD1B88815E003114F3 /* aController.m in Sources */,
				C9AB7F911B88803C003114F3 /* main.m in Sources */,
				C9AB7FC11B8880F4003114F3 /* RoutineView.m in Sources */,
			);
			runOnlyForDeploymentPostprocessing = 0;
		};
		C9AB7FA31B88803C003114F3 /* Sources */ = {
			isa = PBXSourcesBuildPhase;
			buildActionMask = 2147483647;
			files = (
				C9AB7FAE1B88803C003114F3 /* dayRoutineTests.m in Sources */,
			);
			runOnlyForDeploymentPostprocessing = 0;
		};
/* End PBXSourcesBuildPhase section */

/* Begin PBXTargetDependency section */
		C9AB7FA91B88803C003114F3 /* PBXTargetDependency */ = {
			isa = PBXTargetDependency;
			target = C9AB7F8A1B88803C003114F3 /* dayRoutine */;
			targetProxy = C9AB7FA81B88803C003114F3 /* PBXContainerItemProxy */;
		};
/* End PBXTargetDependency section */

/* Begin PBXVariantGroup section */
		C9AB7F9B1B88803C003114F3 /* Main.storyboard */ = {
			isa = PBXVariantGroup;
			children = (
				C9AB7F9C1B88803C003114F3 /* Base */,
			);
			name = Main.storyboard;
			sourceTree = "<group>";
		};
		C9AB7FA01B88803C003114F3 /* LaunchScreen.xib */ = {
			isa = PBXVariantGroup;
			children = (
				C9AB7FA11B88803C003114F3 /* Base */,
			);
			name = LaunchScreen.xib;
			sourceTree = "<group>";
		};
/* End PBXVariantGroup section */

/* Begin XCBuildConfiguration section */
		C9AB7FAF1B88803C003114F3 /* Debug */ = {
			isa = XCBuildConfiguration;
			buildSettings = {
				ALWAYS_SEARCH_USER_PATHS = NO;
				CLANG_CXX_LANGUAGE_STANDARD = "gnu++0x";
				CLANG_CXX_LIBRARY = "libc++";
				CLANG_ENABLE_MODULES = YES;
				CLANG_ENABLE_OBJC_ARC = YES;
				CLANG_WARN_BOOL_CONVERSION = YES;
				CLANG_WARN_CONSTANT_CONVERSION = YES;
				CLANG_WARN_DIRECT_OBJC_ISA_USAGE = YES_ERROR;
				CLANG_WARN_EMPTY_BODY = YES;
				CLANG_WARN_ENUM_CONVERSION = YES;
				CLANG_WARN_INT_CONVERSION = YES;
				CLANG_WARN_OBJC_ROOT_CLASS = YES_ERROR;
				CLANG_WARN_UNREACHABLE_CODE = YES;
				CLANG_WARN__DUPLICATE_METHOD_MATCH = YES;
				"CODE_SIGN_IDENTITY[sdk=iphoneos*]" = "iPhone Developer";
				COPY_PHASE_STRIP = NO;
				DEBUG_INFORMATION_FORMAT = "dwarf-with-dsym";
				ENABLE_STRICT_OBJC_MSGSEND = YES;
				GCC_C_LANGUAGE_STANDARD = gnu99;
				GCC_DYNAMIC_NO_PIC = NO;
				GCC_NO_COMMON_BLOCKS = YES;
				GCC_OPTIMIZATION_LEVEL = 0;
				GCC_PREPROCESSOR_DEFINITIONS = (
					"DEBUG=1",
					"$(inherited)",
				);
				GCC_SYMBOLS_PRIVATE_EXTERN = NO;
				GCC_WARN_64_TO_32_BIT_CONVERSION = YES;
				GCC_WARN_ABOUT_RETURN_TYPE = YES_ERROR;
				GCC_WARN_UNDECLARED_SELECTOR = YES;
				GCC_WARN_UNINITIALIZED_AUTOS = YES_AGGRESSIVE;
				GCC_WARN_UNUSED_FUNCTION = YES;
				GCC_WARN_UNUSED_VARIABLE = YES;
				IPHONEOS_DEPLOYMENT_TARGET = 8.4;
				MTL_ENABLE_DEBUG_INFO = YES;
				ONLY_ACTIVE_ARCH = YES;
				SDKROOT = iphoneos;
			};
			name = Debug;
		};
		C9AB7FB01B88803C003114F3 /* Release */ = {
			isa = XCBuildConfiguration;
			buildSettings = {
				ALWAYS_SEARCH_USER_PATHS = NO;
				CLANG_CXX_LANGUAGE_STANDARD = "gnu++0x";
				CLANG_CXX_LIBRARY = "libc++";
				CLANG_ENABLE_MODULES = YES;
				CLANG_ENABLE_OBJC_ARC = YES;
				CLANG_WARN_BOOL_CONVERSION = YES;
				CLANG_WARN_CONSTANT_CONVERSION = YES;
				CLANG_WARN_DIRECT_OBJC_ISA_USAGE = YES_ERROR;
				CLANG_WARN_EMPTY_BODY = YES;
				CLANG_WARN_ENUM_CONVERSION = YES;
				CLANG_WARN_INT_CONVERSION = YES;
				CLANG_WARN_OBJC_ROOT_CLASS = YES_ERROR;
				CLANG_WARN_UNREACHABLE_CODE = YES;
				CLANG_WARN__DUPLICATE_METHOD_MATCH = YES;
				"CODE_SIGN_IDENTITY[sdk=iphoneos*]" = "iPhone Developer";
				COPY_PHASE_STRIP = NO;
				DEBUG_INFORMATION_FORMAT = "dwarf-with-dsym";
				ENABLE_NS_ASSERTIONS = NO;
				ENABLE_STRICT_OBJC_MSGSEND = YES;
				GCC_C_LANGUAGE_STANDARD = gnu99;
				GCC_NO_COMMON_BLOCKS = YES;
				GCC_WARN_64_TO_32_BIT_CONVERSION = YES;
				GCC_WARN_ABOUT_RETURN_TYPE = YES_ERROR;
				GCC_WARN_UNDECLARED_SELECTOR = YES;
				GCC_WARN_UNINITIALIZED_AUTOS = YES_AGGRESSIVE;
				GCC_WARN_UNUSED_FUNCTION = YES;
				GCC_WARN_UNUSED_VARIABLE = YES;
				IPHONEOS_DEPLOYMENT_TARGET = 8.4;
				MTL_ENABLE_DEBUG_INFO = NO;
				SDKROOT = iphoneos;
				VALIDATE_PRODUCT = YES;
			};
			name = Release;
		};
		C9AB7FB21B88803C003114F3 /* Debug */ = {
			isa = XCBuildConfiguration;
			buildSettings = {
				ASSETCATALOG_COMPILER_APPICON_NAME = AppIcon;
				INFOPLIST_FILE = dayRoutine/Info.plist;
				LD_RUNPATH_SEARCH_PATHS = "$(inherited) @executable_path/Frameworks";
				PRODUCT_NAME = "$(TARGET_NAME)";
			};
			name = Debug;
		};
		C9AB7FB31B88803C003114F3 /* Release */ = {
			isa = XCBuildConfiguration;
			buildSettings = {
				ASSETCATALOG_COMPILER_APPICON_NAME = AppIcon;
				INFOPLIST_FILE = dayRoutine/Info.plist;
				LD_RUNPATH_SEARCH_PATHS = "$(inherited) @executable_path/Frameworks";
				PRODUCT_NAME = "$(TARGET_NAME)";
			};
			name = Release;
		};
		C9AB7FB51B88803C003114F3 /* Debug */ = {
			isa = XCBuildConfiguration;
			buildSettings = {
				BUNDLE_LOADER = "$(TEST_HOST)";
				FRAMEWORK_SEARCH_PATHS = (
					"$(SDKROOT)/Developer/Library/Frameworks",
					"$(inherited)",
				);
				GCC_PREPROCESSOR_DEFINITIONS = (
					"DEBUG=1",
					"$(inherited)",
				);
				INFOPLIST_FILE = dayRoutineTests/Info.plist;
				LD_RUNPATH_SEARCH_PATHS = "$(inherited) @executable_path/Frameworks @loader_path/Frameworks";
				PRODUCT_NAME = "$(TARGET_NAME)";
				TEST_HOST = "$(BUILT_PRODUCTS_DIR)/dayRoutine.app/dayRoutine";
			};
			name = Debug;
		};
		C9AB7FB61B88803C003114F3 /* Release */ = {
			isa = XCBuildConfiguration;
			buildSettings = {
				BUNDLE_LOADER = "$(TEST_HOST)";
				FRAMEWORK_SEARCH_PATHS = (
					"$(SDKROOT)/Developer/Library/Frameworks",
					"$(inherited)",
				);
				INFOPLIST_FILE = dayRoutineTests/Info.plist;
				LD_RUNPATH_SEARCH_PATHS = "$(inherited) @executable_path/Frameworks @loader_path/Frameworks";
				PRODUCT_NAME = "$(TARGET_NAME)";
				TEST_HOST = "$(BUILT_PRODUCTS_DIR)/dayRoutine.app/dayRoutine";
			};
			name = Release;
		};
/* End XCBuildConfiguration section */

/* Begin XCConfigurationList section */
		C9AB7F861B88803C003114F3 /* Build configuration list for PBXProject "dayRoutine" */ = {
			isa = XCConfigurationList;
			buildConfigurations = (
				C9AB7FAF1B88803C003114F3 /* Debug */,
				C9AB7FB01B88803C003114F3 /* Release */,
			);
			defaultConfigurationIsVisible = 0;
			defaultConfigurationName = Release;
		};
		C9AB7FB11B88803C003114F3 /* Build configuration list for PBXNativeTarget "dayRoutine" */ = {
			isa = XCConfigurationList;
			buildConfigurations = (
				C9AB7FB21B88803C003114F3 /* Debug */,
				C9AB7FB31B88803C003114F3 /* Release */,
			);
			defaultConfigurationIsVisible = 0;
			defaultConfigurationName = Release;
		};
		C9AB7FB41B88803C003114F3 /* Build configuration list for PBXNativeTarget "dayRoutineTests" */ = {
			isa = XCConfigurationList;
			buildConfigurations = (
				C9AB7FB51B88803C003114F3 /* Debug */,
				C9AB7FB61B88803C003114F3 /* Release */,
			);
			defaultConfigurationIsVisible = 0;
			defaultConfigurationName = Release;
		};
/* End XCConfigurationList section */

/* Begin XCVersionGroup section */
		C9AB7F951B88803C003114F3 /* dayRoutine.xcdatamodeld */ = {
			isa = XCVersionGroup;
			children = (
				C9AB7F961B88803C003114F3 /* dayRoutine.xcdatamodel */,
			);
			currentVersion = C9AB7F961B88803C003114F3 /* dayRoutine.xcdatamodel */;
			path = dayRoutine.xcdatamodeld;
			sourceTree = "<group>";
			versionGroupType = wrapper.xcdatamodel;
		};
/* End XCVersionGroup section */
	};
	rootObject = C9AB7F831B88803C003114F3 /* Project object */;
}
